Microsoft Visual Studio Solution File, Format Version 12.00
# Visual Studio Version 17
VisualStudioVersion = 17.5.2.0
MinimumVisualStudioVersion = 10.0.40219.1
Project("{FAE04EC0-301F-11D3-BF4B-00C04F79EFBC}") = "Blazor_S1", "Blazor_S1.csproj", "{445D1F23-5F53-0DA0-85FA-5C4418CFE780}"
EndProject
Global
	GlobalSection(SolutionConfigurationPlatforms) = preSolution
		Debug|Any CPU = Debug|Any CPU
		Release|Any CPU = Release|Any CPU
	EndGlobalSection
	GlobalSection(ProjectConfigurationPlatforms) = postSolution
		{445D1F23-5F53-0DA0-85FA-5C4418CFE780}.Debug|Any CPU.ActiveCfg = Debug|Any CPU
		{445D1F23-5F53-0DA0-85FA-5C4418CFE780}.Debug|Any CPU.Build.0 = Debug|Any CPU
		{445D1F23-5F53-0DA0-85FA-5C4418CFE780}.Release|Any CPU.ActiveCfg = Release|Any CPU
		{445D1F23-5F53-0DA0-85FA-5C4418CFE780}.Release|Any CPU.Build.0 = Release|Any CPU
	EndGlobalSection
	GlobalSection(SolutionProperties) = preSolution
		HideSolutionNode = FALSE
	EndGlobalSection
	GlobalSection(ExtensibilityGlobals) = postSolution
		SolutionGuid = {83A975AE-EC8D-4A95-8D7A-13784BF0A213}
	EndGlobalSection
EndGlobal
